
Microsoft Visual Studio Solution File, Format Version 12.00
# Visual Studio 15
VisualStudioVersion = 15.0.26124.0
MinimumVisualStudioVersion = 15.0.26124.0
Project("{FAE04EC0-301F-11D3-BF4B-00C04F79EFBC}") = "EMS.Api", "EMS.Api\EMS.Api.csproj", "{4C4E386C-7BC9-4F2E-9E80-7115FA43AD53}"
EndProject
Project("{FAE04EC0-301F-11D3-BF4B-00C04F79EFBC}") = "EMS.Api.Tests", "EMS.Api.Tests\EMS.Api.Tests.csproj", "{CFD6B315-C359-4B75-9A5E-BDC72478570C}"
EndProject
Project("{FAE04EC0-301F-11D3-BF4B-00C04F79EFBC}") = "EMS.Domain", "EMS.Domain\EMS.Domain.csproj", "{6E4FC36F-22D9-45C3-9382-3D73FF55B4F0}"
EndProject
Project("{FAE04EC0-301F-11D3-BF4B-00C04F79EFBC}") = "EMS.Db", "EMS.Db\EMS.Db.csproj", "{FEDD5413-E070-4432-8764-D0E362F2E6F9}"
EndProject
Project("{FAE04EC0-301F-11D3-BF4B-00C04F79EFBC}") = "EMS.Core", "EMS.Core\EMS.Core.csproj", "{F36347B6-C5E1-4A55-9112-036B920D2186}"
EndProject
Project("{FAE04EC0-301F-11D3-BF4B-00C04F79EFBC}") = "EMS.Library", "EMS.Library\EMS.Library.csproj", "{6DA7134D-EB30-4DC8-AEFD-652E4BD896C7}"
EndProject
Global
	GlobalSection(SolutionConfigurationPlatforms) = preSolution
		Debug|Any CPU = Debug|Any CPU
		Debug|x64 = Debug|x64
		Debug|x86 = Debug|x86
		Release|Any CPU = Release|Any CPU
		Release|x64 = Release|x64
		Release|x86 = Release|x86
	EndGlobalSection
	GlobalSection(SolutionProperties) = preSolution
		HideSolutionNode = FALSE
	EndGlobalSection
	GlobalSection(ProjectConfigurationPlatforms) = postSolution
		{4C4E386C-7BC9-4F2E-9E80-7115FA43AD53}.Debug|Any CPU.ActiveCfg = Debug|Any CPU
		{4C4E386C-7BC9-4F2E-9E80-7115FA43AD53}.Debug|Any CPU.Build.0 = Debug|Any CPU
		{4C4E386C-7BC9-4F2E-9E80-7115FA43AD53}.Debug|x64.ActiveCfg = Debug|Any CPU
		{4C4E386C-7BC9-4F2E-9E80-7115FA43AD53}.Debug|x64.Build.0 = Debug|Any CPU
		{4C4E386C-7BC9-4F2E-9E80-7115FA43AD53}.Debug|x86.ActiveCfg = Debug|Any CPU
		{4C4E386C-7BC9-4F2E-9E80-7115FA43AD53}.Debug|x86.Build.0 = Debug|Any CPU
		{4C4E386C-7BC9-4F2E-9E80-7115FA43AD53}.Release|Any CPU.ActiveCfg = Release|Any CPU
		{4C4E386C-7BC9-4F2E-9E80-7115FA43AD53}.Release|Any CPU.Build.0 = Release|Any CPU
		{4C4E386C-7BC9-4F2E-9E80-7115FA43AD53}.Release|x64.ActiveCfg = Release|Any CPU
		{4C4E386C-7BC9-4F2E-9E80-7115FA43AD53}.Release|x64.Build.0 = Release|Any CPU
		{4C4E386C-7BC9-4F2E-9E80-7115FA43AD53}.Release|x86.ActiveCfg = Release|Any CPU
		{4C4E386C-7BC9-4F2E-9E80-7115FA43AD53}.Release|x86.Build.0 = Release|Any CPU
		{CFD6B315-C359-4B75-9A5E-BDC72478570C}.Debug|Any CPU.ActiveCfg = Debug|Any CPU
		{CFD6B315-C359-4B75-9A5E-BDC72478570C}.Debug|Any CPU.Build.0 = Debug|Any CPU
		{CFD6B315-C359-4B75-9A5E-BDC72478570C}.Debug|x64.ActiveCfg = Debug|Any CPU
		{CFD6B315-C359-4B75-9A5E-BDC72478570C}.Debug|x64.Build.0 = Debug|Any CPU
		{CFD6B315-C359-4B75-9A5E-BDC72478570C}.Debug|x86.ActiveCfg = Debug|Any CPU
		{CFD6B315-C359-4B75-9A5E-BDC72478570C}.Debug|x86.Build.0 = Debug|Any CPU
		{CFD6B315-C359-4B75-9A5E-BDC72478570C}.Release|Any CPU.ActiveCfg = Release|Any CPU
		{CFD6B315-C359-4B75-9A5E-BDC72478570C}.Release|Any CPU.Build.0 = Release|Any CPU
		{CFD6B315-C359-4B75-9A5E-BDC72478570C}.Release|x64.ActiveCfg = Release|Any CPU
		{CFD6B315-C359-4B75-9A5E-BDC72478570C}.Release|x64.Build.0 = Release|Any CPU
		{CFD6B315-C359-4B75-9A5E-BDC72478570C}.Release|x86.ActiveCfg = Release|Any CPU
		{CFD6B315-C359-4B75-9A5E-BDC72478570C}.Release|x86.Build.0 = Release|Any CPU
		{6E4FC36F-22D9-45C3-9382-3D73FF55B4F0}.Debug|Any CPU.ActiveCfg = Debug|Any CPU
		{6E4FC36F-22D9-45C3-9382-3D73FF55B4F0}.Debug|Any CPU.Build.0 = Debug|Any CPU
		{6E4FC36F-22D9-45C3-9382-3D73FF55B4F0}.Debug|x64.ActiveCfg = Debug|Any CPU
		{6E4FC36F-22D9-45C3-9382-3D73FF55B4F0}.Debug|x64.Build.0 = Debug|Any CPU
		{6E4FC36F-22D9-45C3-9382-3D73FF55B4F0}.Debug|x86.ActiveCfg = Debug|Any CPU
		{6E4FC36F-22D9-45C3-9382-3D73FF55B4F0}.Debug|x86.Build.0 = Debug|Any CPU
		{6E4FC36F-22D9-45C3-9382-3D73FF55B4F0}.Release|Any CPU.ActiveCfg = Release|Any CPU
		{6E4FC36F-22D9-45C3-9382-3D73FF55B4F0}.Release|Any CPU.Build.0 = Release|Any CPU
		{6E4FC36F-22D9-45C3-9382-3D73FF55B4F0}.Release|x64.ActiveCfg = Release|Any CPU
		{6E4FC36F-22D9-45C3-9382-3D73FF55B4F0}.Release|x64.Build.0 = Release|Any CPU
		{6E4FC36F-22D9-45C3-9382-3D73FF55B4F0}.Release|x86.ActiveCfg = Release|Any CPU
		{6E4FC36F-22D9-45C3-9382-3D73FF55B4F0}.Release|x86.Build.0 = Release|Any CPU
		{FEDD5413-E070-4432-8764-D0E362F2E6F9}.Debug|Any CPU.ActiveCfg = Debug|Any CPU
		{FEDD5413-E070-4432-8764-D0E362F2E6F9}.Debug|Any CPU.Build.0 = Debug|Any CPU
		{FEDD5413-E070-4432-8764-D0E362F2E6F9}.Debug|x64.ActiveCfg = Debug|Any CPU
		{FEDD5413-E070-4432-8764-D0E362F2E6F9}.Debug|x64.Build.0 = Debug|Any CPU
		{FEDD5413-E070-4432-8764-D0E362F2E6F9}.Debug|x86.ActiveCfg = Debug|Any CPU
		{FEDD5413-E070-4432-8764-D0E362F2E6F9}.Debug|x86.Build.0 = Debug|Any CPU
		{FEDD5413-E070-4432-8764-D0E362F2E6F9}.Release|Any CPU.ActiveCfg = Release|Any CPU
		{FEDD5413-E070-4432-8764-D0E362F2E6F9}.Release|Any CPU.Build.0 = Release|Any CPU
		{FEDD5413-E070-4432-8764-D0E362F2E6F9}.Release|x64.ActiveCfg = Release|Any CPU
		{FEDD5413-E070-4432-8764-D0E362F2E6F9}.Release|x64.Build.0 = Release|Any CPU
		{FEDD5413-E070-4432-8764-D0E362F2E6F9}.Release|x86.ActiveCfg = Release|Any CPU
		{FEDD5413-E070-4432-8764-D0E362F2E6F9}.Release|x86.Build.0 = Release|Any CPU
		{F36347B6-C5E1-4A55-9112-036B920D2186}.Debug|Any CPU.ActiveCfg = Debug|Any CPU
		{F36347B6-C5E1-4A55-9112-036B920D2186}.Debug|Any CPU.Build.0 = Debug|Any CPU
		{F36347B6-C5E1-4A55-9112-036B920D2186}.Debug|x64.ActiveCfg = Debug|Any CPU
		{F36347B6-C5E1-4A55-9112-036B920D2186}.Debug|x64.Build.0 = Debug|Any CPU
		{F36347B6-C5E1-4A55-9112-036B920D2186}.Debug|x86.ActiveCfg = Debug|Any CPU
		{F36347B6-C5E1-4A55-9112-036B920D2186}.Debug|x86.Build.0 = Debug|Any CPU
		{F36347B6-C5E1-4A55-9112-036B920D2186}.Release|Any CPU.ActiveCfg = Release|Any CPU
		{F36347B6-C5E1-4A55-9112-036B920D2186}.Release|Any CPU.Build.0 = Release|Any CPU
		{F36347B6-C5E1-4A55-9112-036B920D2186}.Release|x64.ActiveCfg = Release|Any CPU
		{F36347B6-C5E1-4A55-9112-036B920D2186}.Release|x64.Build.0 = Release|Any CPU
		{F36347B6-C5E1-4A55-9112-036B920D2186}.Release|x86.ActiveCfg = Release|Any CPU
		{F36347B6-C5E1-4A55-9112-036B920D2186}.Release|x86.Build.0 = Release|Any CPU
		{6DA7134D-EB30-4DC8-AEFD-652E4BD896C7}.Debug|Any CPU.ActiveCfg = Debug|Any CPU
		{6DA7134D-EB30-4DC8-AEFD-652E4BD896C7}.Debug|Any CPU.Build.0 = Debug|Any CPU
		{6DA7134D-EB30-4DC8-AEFD-652E4BD896C7}.Debug|x64.ActiveCfg = Debug|Any CPU
		{6DA7134D-EB30-4DC8-AEFD-652E4BD896C7}.Debug|x64.Build.0 = Debug|Any CPU
		{6DA7134D-EB30-4DC8-AEFD-652E4BD896C7}.Debug|x86.ActiveCfg = Debug|Any CPU
		{6DA7134D-EB30-4DC8-AEFD-652E4BD896C7}.Debug|x86.Build.0 = Debug|Any CPU
		{6DA7134D-EB30-4DC8-AEFD-652E4BD896C7}.Release|Any CPU.ActiveCfg = Release|Any CPU
		{6DA7134D-EB30-4DC8-AEFD-652E4BD896C7}.Release|Any CPU.Build.0 = Release|Any CPU
		{6DA7134D-EB30-4DC8-AEFD-652E4BD896C7}.Release|x64.ActiveCfg = Release|Any CPU
		{6DA7134D-EB30-4DC8-AEFD-652E4BD896C7}.Release|x64.Build.0 = Release|Any CPU
		{6DA7134D-EB30-4DC8-AEFD-652E4BD896C7}.Release|x86.ActiveCfg = Release|Any CPU
		{6DA7134D-EB30-4DC8-AEFD-652E4BD896C7}.Release|x86.Build.0 = Release|Any CPU
	EndGlobalSection
EndGlobal
